<?xml version="1.0" encoding="utf-8"?>
<Project ToolsVersion="4.0" xmlns="http://schemas.microsoft.com/developer/msbuild/2003">
  <ItemGroup>
    <Filter Include="Source Files">
      <UniqueIdentifier>{4FC737F1-C7A5-4376-A066-2A32D752A2FF}</UniqueIdentifier>
      <Extensions>cpp;c;cc;cxx;def;odl;idl;hpj;bat;asm;asmx</Extensions>
    </Filter>
    <Filter Include="Header Files">
      <UniqueIdentifier>{93995380-89BD-4b04-88EB-625FBE52EBFB}</UniqueIdentifier>
      <Extensions>h;hh;hpp;hxx;hm;inl;inc;ipp;xsd</Extensions>
    </Filter>
    <Filter Include="Resource Files">
      <UniqueIdentifier>{67DA6AB6-F800-4c08-8B7A-83BB121AAD01}</UniqueIdentifier>
      <Extensions>rc;ico;cur;bmp;dlg;rc2;rct;bin;rgs;gif;jpg;jpeg;jpe;resx;tiff;tif;png;wav;mfcribbon-ms</Extensions>
    </Filter>
    <Filter Include="Header Files\Other">
      <UniqueIdentifier>{b0351601-6090-4794-af4e-a1e6a7bbf215}</UniqueIdentifier>
    </Filter>
    <Filter Include="Source Files\src">
      <UniqueIdentifier>{1e2c3706-7df5-45c8-bf81-fd8daea72450}</UniqueIdentifier>
    </Filter>
    <Filter Include="Header Files\include">
      <UniqueIdentifier>{12ca88a3-8178-4858-ab49-4713eae9531b}</UniqueIdentifier>
    </Filter>
    <Filter Include="Header Files\include\ResourceManager">
      <UniqueIdentifier>{9df3ee02-2ee7-40c5-9ecc-b44b146ad435}</UniqueIdentifier>
    </Filter>
    <Filter Include="Source Files\src\ResourceManager">
      <UniqueIdentifier>{ef7d54c6-3179-44b1-91d7-8c98df85541b}</UniqueIdentifier>
    </Filter>
    <Filter Include="Header Files\include\Entity">
      <UniqueIdentifier>{f97f294f-ff14-4fab-b01a-9e4c2959cb34}</UniqueIdentifier>
    </Filter>
    <Filter Include="Header Files\include\Entity\Basic">
      <UniqueIdentifier>{274e41af-96cf-442f-a8c1-6ca72e9b74df}</UniqueIdentifier>
    </Filter>
    <Filter Include="Header Files\include\Extension">
      <UniqueIdentifier>{111c5014-7265-4ce8-aef2-2b4528519c94}</UniqueIdentifier>
    </Filter>
    <Filter Include="Header Files\include\ResourceManager\Manager">
      <UniqueIdentifier>{76814d6e-fa23-44d7-b3bc-0f724d703aab}</UniqueIdentifier>
    </Filter>
    <Filter Include="Header Files\include\ResourceManager\Config">
      <UniqueIdentifier>{04c2904c-7da1-4ca9-b761-1ce6502b63a7}</UniqueIdentifier>
    </Filter>
    <Filter Include="Source Files\src\Entity">
      <UniqueIdentifier>{0ac8ce89-5820-4c89-bb72-ee944caf6859}</UniqueIdentifier>
    </Filter>
    <Filter Include="Resource Files\Assets">
      <UniqueIdentifier>{e0a830dd-35a3-454c-93da-73c1f838c2c8}</UniqueIdentifier>
    </Filter>
    <Filter Include="Resource Files\Assets\font">
      <UniqueIdentifier>{df6e18f0-22e1-48c3-aba4-3fa33effb4cd}</UniqueIdentifier>
    </Filter>
  </ItemGroup>
  <ItemGroup>
    <ClCompile Include="main.cpp">
      <Filter>Source Files</Filter>
    </ClCompile>
    <ClCompile Include="Game.cpp">
      <Filter>Source Files\src</Filter>
    </ClCompile>
    <ClCompile Include="Vector2D.cpp">
      <Filter>Source Files\src</Filter>
    </ClCompile>
    <ClCompile Include="Convert.cpp">
      <Filter>Source Files\src</Filter>
    </ClCompile>
    <ClCompile Include="Random.cpp">
      <Filter>Source Files\src</Filter>
    </ClCompile>
    <ClCompile Include="Object.cpp">
      <Filter>Source Files\src</Filter>
    </ClCompile>
    <ClCompile Include="ParaObject.cpp">
      <Filter>Source Files\src</Filter>
    </ClCompile>
    <ClCompile Include="KeyboardManager.cpp">
      <Filter>Source Files\src\ResourceManager</Filter>
    </ClCompile>
    <ClCompile Include="MouseManager.cpp">
      <Filter>Source Files\src\ResourceManager</Filter>
    </ClCompile>
    <ClCompile Include="TextureManager.cpp">
      <Filter>Source Files\src\ResourceManager</Filter>
    </ClCompile>
    <ClCompile Include="SoundManager.cpp">
      <Filter>Source Files\src\ResourceManager</Filter>
    </ClCompile>
    <ClCompile Include="FontManager.cpp">
      <Filter>Source Files\src\ResourceManager</Filter>
    </ClCompile>
    <ClCompile Include="Helper.h">
      <Filter>Header Files\include\Extension</Filter>
    </ClCompile>
    <ClCompile Include="SpringPendulum.cpp">
      <Filter>Source Files\src\Entity</Filter>
    </ClCompile>
    <ClCompile Include="Bar.cpp">
      <Filter>Source Files\src\Entity</Filter>
    </ClCompile>
  </ItemGroup>
  <ItemGroup>
    <None Include="openal32.dll">
      <Filter>Header Files\Other</Filter>
    </None>
    <None Include="sfml-audio-2.dll">
      <Filter>Header Files\Other</Filter>
    </None>
    <None Include="sfml-audio-d-2.dll">
      <Filter>Header Files\Other</Filter>
    </None>
    <None Include="sfml-graphics-2.dll">
      <Filter>Header Files\Other</Filter>
    </None>
    <None Include="sfml-graphics-d-2.dll">
      <Filter>Header Files\Other</Filter>
    </None>
    <None Include="sfml-network-2.dll">
      <Filter>Header Files\Other</Filter>
    </None>
    <None Include="sfml-network-d-2.dll">
      <Filter>Header Files\Other</Filter>
    </None>
    <None Include="sfml-system-2.dll">
      <Filter>Header Files\Other</Filter>
    </None>
    <None Include="sfml-system-d-2.dll">
      <Filter>Header Files\Other</Filter>
    </None>
    <None Include="sfml-window-2.dll">
      <Filter>Header Files\Other</Filter>
    </None>
    <None Include="sfml-window-d-2.dll">
      <Filter>Header Files\Other</Filter>
    </None>
  </ItemGroup>
  <ItemGroup>
    <ClInclude Include="Game.h">
      <Filter>Header Files\include</Filter>
    </ClInclude>
    <ClInclude Include="Object.h">
      <Filter>Header Files\include\Entity\Basic</Filter>
    </ClInclude>
    <ClInclude Include="Action.h">
      <Filter>Header Files\include\Entity\Basic</Filter>
    </ClInclude>
    <ClInclude Include="Convert.h">
      <Filter>Header Files\include\Extension</Filter>
    </ClInclude>
    <ClInclude Include="Random.h">
      <Filter>Header Files\include\Extension</Filter>
    </ClInclude>
    <ClInclude Include="Vector2D.h">
      <Filter>Header Files\include\Entity\Basic</Filter>
    </ClInclude>
    <ClInclude Include="ParaObject.h">
      <Filter>Header Files\include\Entity\Basic</Filter>
    </ClInclude>
    <ClInclude Include="KeyboardManager.h">
      <Filter>Header Files\include\ResourceManager\Manager</Filter>
    </ClInclude>
    <ClInclude Include="FontManager.h">
      <Filter>Header Files\include\ResourceManager\Manager</Filter>
    </ClInclude>
    <ClInclude Include="Config.h">
      <Filter>Header Files\include\ResourceManager\Config</Filter>
    </ClInclude>
    <ClInclude Include="ResourceManager.h">
      <Filter>Header Files\include\ResourceManager\Config</Filter>
    </ClInclude>
    <ClInclude Include="MouseManager.h">
      <Filter>Header Files\include\ResourceManager\Manager</Filter>
    </ClInclude>
    <ClInclude Include="TextureManager.h">
      <Filter>Header Files\include\ResourceManager\Manager</Filter>
    </ClInclude>
    <ClInclude Include="SoundManager.h">
      <Filter>Header Files\include\ResourceManager\Manager</Filter>
    </ClInclude>
    <ClInclude Include="SpringPendulum.h">
      <Filter>Header Files\include\Entity</Filter>
    </ClInclude>
    <ClInclude Include="Singleton.h">
      <Filter>Header Files\include\ResourceManager\Manager</Filter>
    </ClInclude>
    <ClInclude Include="Bar.h">
      <Filter>Header Files</Filter>
    </ClInclude>
  </ItemGroup>
  <ItemGroup>
    <Font Include="..\Debug\Assets\font\6809 chargen.ttf">
      <Filter>Resource Files\Assets\font</Filter>
    </Font>
    <Font Include="..\Debug\Assets\font\pdark.ttf">
      <Filter>Resource Files\Assets\font</Filter>
    </Font>
    <Font Include="..\Debug\Assets\font\Roboto.ttf">
      <Filter>Resource Files\Assets\font</Filter>
    </Font>
  </ItemGroup>
</Project>